{
    "version": 3,
    "terraform_version": "0.11.8",
    "serial": 2,
    "lineage": "9a4d1cd6-a835-99da-f2ba-62076aa1605c",
    "modules": [
        {
            "path": [
                "root"
            ],
            "outputs": {
                "bucketname": {
                    "sensitive": false,
                    "type": "string",
                    "value": "la-terraform-64591"
                }
            },
            "resources": {
                "aws_s3_bucket.tf_code": {
                    "type": "aws_s3_bucket",
                    "depends_on": [
                        "random_id.tf_bucket_id"
                    ],
                    "primary": {
                        "id": "la-terraform-64591",
                        "attributes": {
                            "acceleration_status": "",
                            "acl": "private",
                            "arn": "arn:aws:s3:::la-terraform-64591",
                            "bucket": "la-terraform-64591",
                            "bucket_domain_name": "la-terraform-64591.s3.amazonaws.com",
                            "bucket_regional_domain_name": "la-terraform-64591.s3.eu-west-2.amazonaws.com",
                            "cors_rule.#": "0",
                            "force_destroy": "true",
                            "hosted_zone_id": "Z3GKZC51ZF0DB4",
                            "id": "la-terraform-64591",
                            "logging.#": "0",
                            "region": "eu-west-2",
                            "replication_configuration.#": "0",
                            "request_payer": "BucketOwner",
                            "server_side_encryption_configuration.#": "0",
                            "tags.%": "1",
                            "tags.Name": "tf_bucket",
                            "versioning.#": "1",
                            "versioning.0.enabled": "false",
                            "versioning.0.mfa_delete": "false",
                            "website.#": "0"
                        },
                        "meta": {},
                        "tainted": false
                    },
                    "deposed": [],
                    "provider": "provider.aws"
                },
                "random_id.tf_bucket_id": {
                    "type": "random_id",
                    "depends_on": [],
                    "primary": {
                        "id": "_E8",
                        "attributes": {
                            "b64": "_E8",
                            "b64_std": "/E8=",
                            "b64_url": "_E8",
                            "byte_length": "2",
                            "dec": "64591",
                            "hex": "fc4f",
                            "id": "_E8"
                        },
                        "meta": {},
                        "tainted": false
                    },
                    "deposed": [],
                    "provider": "provider.random"
                }
            },
            "depends_on": []
        }
    ]
}
